// !$*UTF8*$!
{
	archiveVersion = 1;
	classes = {
	};
	objectVersion = 77;
	objects = {

/* Begin PBXContainerItemProxy section */
		CDF143CF2CF6DE60005E4516 /* PBXContainerItemProxy */ = {
			isa = PBXContainerItemProxy;
			containerPortal = CDF143B62CF6DE5D005E4516 /* Project object */;
			proxyType = 1;
			remoteGlobalIDString = CDF143BD2CF6DE5E005E4516;
			remoteInfo = Intibah;
		};
		CDF143D92CF6DE60005E4516 /* PBXContainerItemProxy */ = {
			isa = PBXContainerItemProxy;
			containerPortal = CDF143B62CF6DE5D005E4516 /* Project object */;
			proxyType = 1;
			remoteGlobalIDString = CDF143BD2CF6DE5E005E4516;
			remoteInfo = Intibah;
		};
/* End PBXContainerItemProxy section */

/* Begin PBXFileReference section */
		CDF143BE2CF6DE5E005E4516 /* Intibah.app */ = {isa = PBXFileReference; explicitFileType = wrapper.application; includeInIndex = 0; path = Intibah.app; sourceTree = BUILT_PRODUCTS_DIR; };
		CDF143CE2CF6DE60005E4516 /* IntibahTests.xctest */ = {isa = PBXFileReference; explicitFileType = wrapper.cfbundle; includeInIndex = 0; path = IntibahTests.xctest; sourceTree = BUILT_PRODUCTS_DIR; };
		CDF143D82CF6DE60005E4516 /* IntibahUITests.xctest */ = {isa = PBXFileReference; explicitFileType = wrapper.cfbundle; includeInIndex = 0; path = IntibahUITests.xctest; sourceTree = BUILT_PRODUCTS_DIR; };
/* End PBXFileReference section */

/* Begin PBXFileSystemSynchronizedRootGroup section */
		CDF143C02CF6DE5E005E4516 /* Intibah */ = {
			isa = PBXFileSystemSynchronizedRootGroup;
			path = Intibah;
			sourceTree = "<group>";
		};
		CDF143D12CF6DE60005E4516 /* IntibahTests */ = {
			isa = PBXFileSystemSynchronizedRootGroup;
			path = IntibahTests;
			sourceTree = "<group>";
		};
		CDF143DB2CF6DE60005E4516 /* IntibahUITests */ = {
			isa = PBXFileSystemSynchronizedRootGroup;
			path = IntibahUITests;
			sourceTree = "<group>";
		};
/* End PBXFileSystemSynchronizedRootGroup section */

/* Begin PBXFrameworksBuildPhase section */
		CDF143BB2CF6DE5E005E4516 /* Frameworks */ = {
			isa = PBXFrameworksBuildPhase;
			buildActionMask = 2147483647;
			files = (
			);
			runOnlyForDeploymentPostprocessing = 0;
		};
		CDF143CB2CF6DE60005E4516 /* Frameworks */ = {
			isa = PBXFrameworksBuildPhase;
			buildActionMask = 2147483647;
			files = (
			);
			runOnlyForDeploymentPostprocessing = 0;
		};
		CDF143D52CF6DE60005E4516 /* Frameworks */ = {
			isa = PBXFrameworksBuildPhase;
			buildActionMask = 2147483647;
			files = (
			);
			runOnlyForDeploymentPostprocessing = 0;
		};
/* End PBXFrameworksBuildPhase section */

/* Begin PBXGroup section */
		CDF143B52CF6DE5D005E4516 = {
			isa = PBXGroup;
			children = (
				CDF143C02CF6DE5E005E4516 /* Intibah */,
				CDF143D12CF6DE60005E4516 /* IntibahTests */,
				CDF143DB2CF6DE60005E4516 /* IntibahUITests */,
				CDF143BF2CF6DE5E005E4516 /* Products */,
			);
			sourceTree = "<group>";
		};
		CDF143BF2CF6DE5E005E4516 /* Products */ = {
			isa = PBXGroup;
			children = (
				CDF143BE2CF6DE5E005E4516 /* Intibah.app */,
				CDF143CE2CF6DE60005E4516 /* IntibahTests.xctest */,
				CDF143D82CF6DE60005E4516 /* IntibahUITests.xctest */,
			);
			name = Products;
			sourceTree = "<group>";
		};
/* End PBXGroup section */

/* Begin PBXNativeTarget section */
		CDF143BD2CF6DE5E005E4516 /* Intibah */ = {
			isa = PBXNativeTarget;
			buildConfigurationList = CDF143E22CF6DE60005E4516 /* Build configuration list for PBXNativeTarget "Intibah" */;
			buildPhases = (
				CDF143BA2CF6DE5E005E4516 /* Sources */,
				CDF143BB2CF6DE5E005E4516 /* Frameworks */,
				CDF143BC2CF6DE5E005E4516 /* Resources */,
			);
			buildRules = (
			);
			dependencies = (
			);
			fileSystemSynchronizedGroups = (
				CDF143C02CF6DE5E005E4516 /* Intibah */,
			);
			name = Intibah;
			packageProductDependencies = (
			);
			productName = Intibah;
			productReference = CDF143BE2CF6DE5E005E4516 /* Intibah.app */;
			productType = "com.apple.product-type.application";
		};
		CDF143CD2CF6DE60005E4516 /* IntibahTests */ = {
			isa = PBXNativeTarget;
			buildConfigurationList = CDF143E52CF6DE60005E4516 /* Build configuration list for PBXNativeTarget "IntibahTests" */;
			buildPhases = (
				CDF143CA2CF6DE60005E4516 /* Sources */,
				CDF143CB2CF6DE60005E4516 /* Frameworks */,
				CDF143CC2CF6DE60005E4516 /* Resources */,
			);
			buildRules = (
			);
			dependencies = (
				CDF143D02CF6DE60005E4516 /* PBXTargetDependency */,
			);
			fileSystemSynchronizedGroups = (
				CDF143D12CF6DE60005E4516 /* IntibahTests */,
			);
			name = IntibahTests;
			packageProductDependencies = (
			);
			productName = IntibahTests;
			productReference = CDF143CE2CF6DE60005E4516 /* IntibahTests.xctest */;
			productType = "com.apple.product-type.bundle.unit-test";
		};
		CDF143D72CF6DE60005E4516 /* IntibahUITests */ = {
			isa = PBXNativeTarget;
			buildConfigurationList = CDF143E82CF6DE60005E4516 /* Build configuration list for PBXNativeTarget "IntibahUITests" */;
			buildPhases = (
				CDF143D42CF6DE60005E4516 /* Sources */,
				CDF143D52CF6DE60005E4516 /* Frameworks */,
				CDF143D62CF6DE60005E4516 /* Resources */,
			);
			buildRules = (
			);
			dependencies = (
				CDF143DA2CF6DE60005E4516 /* PBXTargetDependency */,
			);
			fileSystemSynchronizedGroups = (
				CDF143DB2CF6DE60005E4516 /* IntibahUITests */,
			);
			name = IntibahUITests;
			packageProductDependencies = (
			);
			productName = IntibahUITests;
			productReference = CDF143D82CF6DE60005E4516 /* IntibahUITests.xctest */;
			productType = "com.apple.product-type.bundle.ui-testing";
		};
/* End PBXNativeTarget section */

/* Begin PBXProject section */
		CDF143B62CF6DE5D005E4516 /* Project object */ = {
			isa = PBXProject;
			attributes = {
				BuildIndependentTargetsInParallel = 1;
				LastSwiftUpdateCheck = 1610;
				LastUpgradeCheck = 1610;
				TargetAttributes = {
					CDF143BD2CF6DE5E005E4516 = {
						CreatedOnToolsVersion = 16.1;
					};
					CDF143CD2CF6DE60005E4516 = {
						CreatedOnToolsVersion = 16.1;
						TestTargetID = CDF143BD2CF6DE5E005E4516;
					};
					CDF143D72CF6DE60005E4516 = {
						CreatedOnToolsVersion = 16.1;
						TestTargetID = CDF143BD2CF6DE5E005E4516;
					};
				};
			};
			buildConfigurationList = CDF143B92CF6DE5E005E4516 /* Build configuration list for PBXProject "Intibah" */;
			developmentRegion = en;
			hasScannedForEncodings = 0;
			knownRegions = (
				en,
				Base,
			);
			mainGroup = CDF143B52CF6DE5D005E4516;
			minimizedProjectReferenceProxies = 1;
			preferredProjectObjectVersion = 77;
			productRefGroup = CDF143BF2CF6DE5E005E4516 /* Products */;
			projectDirPath = "";
			projectRoot = "";
			targets = (
				CDF143BD2CF6DE5E005E4516 /* Intibah */,
				CDF143CD2CF6DE60005E4516 /* IntibahTests */,
				CDF143D72CF6DE60005E4516 /* IntibahUITests */,
			);
		};
/* End PBXProject section */

/* Begin PBXResourcesBuildPhase section */
		CDF143BC2CF6DE5E005E4516 /* Resources */ = {
			isa = PBXResourcesBuildPhase;
			buildActionMask = 2147483647;
			files = (
			);
			runOnlyForDeploymentPostprocessing = 0;
		};
		CDF143CC2CF6DE60005E4516 /* Resources */ = {
			isa = PBXResourcesBuildPhase;
			buildActionMask = 2147483647;
			files = (
			);
			runOnlyForDeploymentPostprocessing = 0;
		};
		CDF143D62CF6DE60005E4516 /* Resources */ = {
			isa = PBXResourcesBuildPhase;
			buildActionMask = 2147483647;
			files = (
			);
			runOnlyForDeploymentPostprocessing = 0;
		};
/* End PBXResourcesBuildPhase section */

/* Begin PBXSourcesBuildPhase section */
		CDF143BA2CF6DE5E005E4516 /* Sources */ = {
			isa = PBXSourcesBuildPhase;
			buildActionMask = 2147483647;
			files = (
			);
			runOnlyForDeploymentPostprocessing = 0;
		};
		CDF143CA2CF6DE60005E4516 /* Sources */ = {
			isa = PBXSourcesBuildPhase;
			buildActionMask = 2147483647;
			files = (
			);
			runOnlyForDeploymentPostprocessing = 0;
		};
		CDF143D42CF6DE60005E4516 /* Sources */ = {
			isa = PBXSourcesBuildPhase;
			buildActionMask = 2147483647;
			files = (
			);
			runOnlyForDeploymentPostprocessing = 0;
		};
/* End PBXSourcesBuildPhase section */

/* Begin PBXTargetDependency section */
		CDF143D02CF6DE60005E4516 /* PBXTargetDependency */ = {
			isa = PBXTargetDependency;
			target = CDF143BD2CF6DE5E005E4516 /* Intibah */;
			targetProxy = CDF143CF2CF6DE60005E4516 /* PBXContainerItemProxy */;
		};
		CDF143DA2CF6DE60005E4516 /* PBXTargetDependency */ = {
			isa = PBXTargetDependency;
			target = CDF143BD2CF6DE5E005E4516 /* Intibah */;
			targetProxy = CDF143D92CF6DE60005E4516 /* PBXContainerItemProxy */;
		};
/* End PBXTargetDependency section */

/* Begin XCBuildConfiguration section */
		CDF143E02CF6DE60005E4516 /* Debug */ = {
			isa = XCBuildConfiguration;
			buildSettings = {
				ALWAYS_SEARCH_USER_PATHS = NO;
				ASSETCATALOG_COMPILER_GENERATE_SWIFT_ASSET_SYMBOL_EXTENSIONS = YES;
				CLANG_ANALYZER_NONNULL = YES;
				CLANG_ANALYZER_NUMBER_OBJECT_CONVERSION = YES_AGGRESSIVE;
				CLANG_CXX_LANGUAGE_STANDARD = "gnu++20";
				CLANG_ENABLE_MODULES = YES;
				CLANG_ENABLE_OBJC_ARC = YES;
				CLANG_ENABLE_OBJC_WEAK = YES;
				CLANG_WARN_BLOCK_CAPTURE_AUTORELEASING = YES;
				CLANG_WARN_BOOL_CONVERSION = YES;
				CLANG_WARN_COMMA = YES;
				CLANG_WARN_CONSTANT_CONVERSION = YES;
				CLANG_WARN_DEPRECATED_OBJC_IMPLEMENTATIONS = YES;
				CLANG_WARN_DIRECT_OBJC_ISA_USAGE = YES_ERROR;
				CLANG_WARN_DOCUMENTATION_COMMENTS = YES;
				CLANG_WARN_EMPTY_BODY = YES;
				CLANG_WARN_ENUM_CONVERSION = YES;
				CLANG_WARN_INFINITE_RECURSION = YES;
				CLANG_WARN_INT_CONVERSION = YES;
				CLANG_WARN_NON_LITERAL_NULL_CONVERSION = YES;
				CLANG_WARN_OBJC_IMPLICIT_RETAIN_SELF = YES;
				CLANG_WARN_OBJC_LITERAL_CONVERSION = YES;
				CLANG_WARN_OBJC_ROOT_CLASS = YES_ERROR;
				CLANG_WARN_QUOTED_INCLUDE_IN_FRAMEWORK_HEADER = YES;
				CLANG_WARN_RANGE_LOOP_ANALYSIS = YES;
				CLANG_WARN_STRICT_PROTOTYPES = YES;
				CLANG_WARN_SUSPICIOUS_MOVE = YES;
				CLANG_WARN_UNGUARDED_AVAILABILITY = YES_AGGRESSIVE;
				CLANG_WARN_UNREACHABLE_CODE = YES;
				CLANG_WARN__DUPLICATE_METHOD_MATCH = YES;
				COPY_PHASE_STRIP = NO;
				DEBUG_INFORMATION_FORMAT = dwarf;
				ENABLE_STRICT_OBJC_MSGSEND = YES;
				ENABLE_TESTABILITY = YES;
				ENABLE_USER_SCRIPT_SANDBOXING = YES;
				GCC_C_LANGUAGE_STANDARD = gnu17;
				GCC_DYNAMIC_NO_PIC = NO;
				GCC_NO_COMMON_BLOCKS = YES;
				GCC_OPTIMIZATION_LEVEL = 0;
				GCC_PREPROCESSOR_DEFINITIONS = (
					"DEBUG=1",
					"$(inherited)",
				);
				GCC_WARN_64_TO_32_BIT_CONVERSION = YES;
				GCC_WARN_ABOUT_RETURN_TYPE = YES_ERROR;
				GCC_WARN_UNDECLARED_SELECTOR = YES;
				GCC_WARN_UNINITIALIZED_AUTOS = YES_AGGRESSIVE;
				GCC_WARN_UNUSED_FUNCTION = YES;
				GCC_WARN_UNUSED_VARIABLE = YES;
				IPHONEOS_DEPLOYMENT_TARGET = 18.1;
				LOCALIZATION_PREFERS_STRING_CATALOGS = YES;
				MTL_ENABLE_DEBUG_INFO = INCLUDE_SOURCE;
				MTL_FAST_MATH = YES;
				ONLY_ACTIVE_ARCH = YES;
				SDKROOT = iphoneos;
				SWIFT_ACTIVE_COMPILATION_CONDITIONS = "DEBUG $(inherited)";
				SWIFT_OPTIMIZATION_LEVEL = "-Onone";
			};
			name = Debug;
		};
		CDF143E12CF6DE60005E4516 /* Release */ = {
			isa = XCBuildConfiguration;
			buildSettings = {
				ALWAYS_SEARCH_USER_PATHS = NO;
				ASSETCATALOG_COMPILER_GENERATE_SWIFT_ASSET_SYMBOL_EXTENSIONS = YES;
				CLANG_ANALYZER_NONNULL = YES;
				CLANG_ANALYZER_NUMBER_OBJECT_CONVERSION = YES_AGGRESSIVE;
				CLANG_CXX_LANGUAGE_STANDARD = "gnu++20";
				CLANG_ENABLE_MODULES = YES;
				CLANG_ENABLE_OBJC_ARC = YES;
				CLANG_ENABLE_OBJC_WEAK = YES;
				CLANG_WARN_BLOCK_CAPTURE_AUTORELEASING = YES;
				CLANG_WARN_BOOL_CONVERSION = YES;
				CLANG_WARN_COMMA = YES;
				CLANG_WARN_CONSTANT_CONVERSION = YES;
				CLANG_WARN_DEPRECATED_OBJC_IMPLEMENTATIONS = YES;
				CLANG_WARN_DIRECT_OBJC_ISA_USAGE = YES_ERROR;
				CLANG_WARN_DOCUMENTATION_COMMENTS = YES;
				CLANG_WARN_EMPTY_BODY = YES;
				CLANG_WARN_ENUM_CONVERSION = YES;
				CLANG_WARN_INFINITE_RECURSION = YES;
				CLANG_WARN_INT_CONVERSION = YES;
				CLANG_WARN_NON_LITERAL_NULL_CONVERSION = YES;
				CLANG_WARN_OBJC_IMPLICIT_RETAIN_SELF = YES;
				CLANG_WARN_OBJC_LITERAL_CONVERSION = YES;
				CLANG_WARN_OBJC_ROOT_CLASS = YES_ERROR;
				CLANG_WARN_QUOTED_INCLUDE_IN_FRAMEWORK_HEADER = YES;
				CLANG_WARN_RANGE_LOOP_ANALYSIS = YES;
				CLANG_WARN_STRICT_PROTOTYPES = YES;
				CLANG_WARN_SUSPICIOUS_MOVE = YES;
				CLANG_WARN_UNGUARDED_AVAILABILITY = YES_AGGRESSIVE;
				CLANG_WARN_UNREACHABLE_CODE = YES;
				CLANG_WARN__DUPLICATE_METHOD_MATCH = YES;
				COPY_PHASE_STRIP = NO;
				DEBUG_INFORMATION_FORMAT = "dwarf-with-dsym";
				ENABLE_NS_ASSERTIONS = NO;
				ENABLE_STRICT_OBJC_MSGSEND = YES;
				ENABLE_USER_SCRIPT_SANDBOXING = YES;
				GCC_C_LANGUAGE_STANDARD = gnu17;
				GCC_NO_COMMON_BLOCKS = YES;
				GCC_WARN_64_TO_32_BIT_CONVERSION = YES;
				GCC_WARN_ABOUT_RETURN_TYPE = YES_ERROR;
				GCC_WARN_UNDECLARED_SELECTOR = YES;
				GCC_WARN_UNINITIALIZED_AUTOS = YES_AGGRESSIVE;
				GCC_WARN_UNUSED_FUNCTION = YES;
				GCC_WARN_UNUSED_VARIABLE = YES;
				IPHONEOS_DEPLOYMENT_TARGET = 18.1;
				LOCALIZATION_PREFERS_STRING_CATALOGS = YES;
				MTL_ENABLE_DEBUG_INFO = NO;
				MTL_FAST_MATH = YES;
				SDKROOT = iphoneos;
				SWIFT_COMPILATION_MODE = wholemodule;
				VALIDATE_PRODUCT = YES;
			};
			name = Release;
		};
		CDF143E32CF6DE60005E4516 /* Debug */ = {
			isa = XCBuildConfiguration;
			buildSettings = {
				ASSETCATALOG_COMPILER_APPICON_NAME = AppIcon;
				ASSETCATALOG_COMPILER_GLOBAL_ACCENT_COLOR_NAME = AccentColor;
				CODE_SIGN_STYLE = Automatic;
				CURRENT_PROJECT_VERSION = 1;
				DEVELOPMENT_ASSET_PATHS = "\"Intibah/Preview Content\"";
				DEVELOPMENT_TEAM = 4NT8W2GHDN;
				ENABLE_PREVIEWS = YES;
				GENERATE_INFOPLIST_FILE = YES;
				INFOPLIST_KEY_UIApplicationSceneManifest_Generation = YES;
				INFOPLIST_KEY_UIApplicationSupportsIndirectInputEvents = YES;
				INFOPLIST_KEY_UILaunchScreen_Generation = YES;
				INFOPLIST_KEY_UISupportedInterfaceOrientations_iPad = "UIInterfaceOrientationPortrait UIInterfaceOrientationPortraitUpsideDown UIInterfaceOrientationLandscapeLeft UIInterfaceOrientationLandscapeRight";
				INFOPLIST_KEY_UISupportedInterfaceOrientations_iPhone = "UIInterfaceOrientationPortrait UIInterfaceOrientationLandscapeLeft UIInterfaceOrientationLandscapeRight";
				LD_RUNPATH_SEARCH_PATHS = (
					"$(inherited)",
					"@executable_path/Frameworks",
				);
				MARKETING_VERSION = 1.0;
				PRODUCT_BUNDLE_IDENTIFIER = com.novruzoff.Intibah;
				PRODUCT_NAME = "$(TARGET_NAME)";
				SWIFT_EMIT_LOC_STRINGS = YES;
				SWIFT_VERSION = 5.0;
				TARGETED_DEVICE_FAMILY = "1,2";
			};
			name = Debug;
		};
		CDF143E42CF6DE60005E4516 /* Release */ = {
			isa = XCBuildConfiguration;
			buildSettings = {
				ASSETCATALOG_COMPILER_APPICON_NAME = AppIcon;
				ASSETCATALOG_COMPILER_GLOBAL_ACCENT_COLOR_NAME = AccentColor;
				CODE_SIGN_STYLE = Automatic;
				CURRENT_PROJECT_VERSION = 1;
				DEVELOPMENT_ASSET_PATHS = "\"Intibah/Preview Content\"";
				DEVELOPMENT_TEAM = 4NT8W2GHDN;
				ENABLE_PREVIEWS = YES;
				GENERATE_INFOPLIST_FILE = YES;
				INFOPLIST_KEY_UIApplicationSceneManifest_Generation = YES;
				INFOPLIST_KEY_UIApplicationSupportsIndirectInputEvents = YES;
				INFOPLIST_KEY_UILaunchScreen_Generation = YES;
				INFOPLIST_KEY_UISupportedInterfaceOrientations_iPad = "UIInterfaceOrientationPortrait UIInterfaceOrientationPortraitUpsideDown UIInterfaceOrientationLandscapeLeft UIInterfaceOrientationLandscapeRight";
				INFOPLIST_KEY_UISupportedInterfaceOrientations_iPhone = "UIInterfaceOrientationPortrait UIInterfaceOrientationLandscapeLeft UIInterfaceOrientationLandscapeRight";
				LD_RUNPATH_SEARCH_PATHS = (
					"$(inherited)",
					"@executable_path/Frameworks",
				);
				MARKETING_VERSION = 1.0;
				PRODUCT_BUNDLE_IDENTIFIER = com.novruzoff.Intibah;
				PRODUCT_NAME = "$(TARGET_NAME)";
				SWIFT_EMIT_LOC_STRINGS = YES;
				SWIFT_VERSION = 5.0;
				TARGETED_DEVICE_FAMILY = "1,2";
			};
			name = Release;
		};
		CDF143E62CF6DE60005E4516 /* Debug */ = {
			isa = XCBuildConfiguration;
			buildSettings = {
				BUNDLE_LOADER = "$(TEST_HOST)";
				CODE_SIGN_STYLE = Automatic;
				CURRENT_PROJECT_VERSION = 1;
				DEVELOPMENT_TEAM = 4NT8W2GHDN;
				GENERATE_INFOPLIST_FILE = YES;
				IPHONEOS_DEPLOYMENT_TARGET = 18.1;
				MARKETING_VERSION = 1.0;
				PRODUCT_BUNDLE_IDENTIFIER = com.novruzoff.IntibahTests;
				PRODUCT_NAME = "$(TARGET_NAME)";
				SWIFT_EMIT_LOC_STRINGS = NO;
				SWIFT_VERSION = 5.0;
				TARGETED_DEVICE_FAMILY = "1,2";
				TEST_HOST = "$(BUILT_PRODUCTS_DIR)/Intibah.app/$(BUNDLE_EXECUTABLE_FOLDER_PATH)/Intibah";
			};
			name = Debug;
		};
		CDF143E72CF6DE60005E4516 /* Release */ = {
			isa = XCBuildConfiguration;
			buildSettings = {
				BUNDLE_LOADER = "$(TEST_HOST)";
				CODE_SIGN_STYLE = Automatic;
				CURRENT_PROJECT_VERSION = 1;
				DEVELOPMENT_TEAM = 4NT8W2GHDN;
				GENERATE_INFOPLIST_FILE = YES;
				IPHONEOS_DEPLOYMENT_TARGET = 18.1;
				MARKETING_VERSION = 1.0;
				PRODUCT_BUNDLE_IDENTIFIER = com.novruzoff.IntibahTests;
				PRODUCT_NAME = "$(TARGET_NAME)";
				SWIFT_EMIT_LOC_STRINGS = NO;
				SWIFT_VERSION = 5.0;
				TARGETED_DEVICE_FAMILY = "1,2";
				TEST_HOST = "$(BUILT_PRODUCTS_DIR)/Intibah.app/$(BUNDLE_EXECUTABLE_FOLDER_PATH)/Intibah";
			};
			name = Release;
		};
		CDF143E92CF6DE60005E4516 /* Debug */ = {
			isa = XCBuildConfiguration;
			buildSettings = {
				CODE_SIGN_STYLE = Automatic;
				CURRENT_PROJECT_VERSION = 1;
				DEVELOPMENT_TEAM = 4NT8W2GHDN;
				GENERATE_INFOPLIST_FILE = YES;
				MARKETING_VERSION = 1.0;
				PRODUCT_BUNDLE_IDENTIFIER = com.novruzoff.IntibahUITests;
				PRODUCT_NAME = "$(TARGET_NAME)";
				SWIFT_EMIT_LOC_STRINGS = NO;
				SWIFT_VERSION = 5.0;
				TARGETED_DEVICE_FAMILY = "1,2";
				TEST_TARGET_NAME = Intibah;
			};
			name = Debug;
		};
		CDF143EA2CF6DE60005E4516 /* Release */ = {
			isa = XCBuildConfiguration;
			buildSettings = {
				CODE_SIGN_STYLE = Automatic;
				CURRENT_PROJECT_VERSION = 1;
				DEVELOPMENT_TEAM = 4NT8W2GHDN;
				GENERATE_INFOPLIST_FILE = YES;
				MARKETING_VERSION = 1.0;
				PRODUCT_BUNDLE_IDENTIFIER = com.novruzoff.IntibahUITests;
				PRODUCT_NAME = "$(TARGET_NAME)";
				SWIFT_EMIT_LOC_STRINGS = NO;
				SWIFT_VERSION = 5.0;
				TARGETED_DEVICE_FAMILY = "1,2";
				TEST_TARGET_NAME = Intibah;
			};
			name = Release;
		};
/* End XCBuildConfiguration section */

/* Begin XCConfigurationList section */
		CDF143B92CF6DE5E005E4516 /* Build configuration list for PBXProject "Intibah" */ = {
			isa = XCConfigurationList;
			buildConfigurations = (
				CDF143E02CF6DE60005E4516 /* Debug */,
				CDF143E12CF6DE60005E4516 /* Release */,
			);
			defaultConfigurationIsVisible = 0;
			defaultConfigurationName = Release;
		};
		CDF143E22CF6DE60005E4516 /* Build configuration list for PBXNativeTarget "Intibah" */ = {
			isa = XCConfigurationList;
			buildConfigurations = (
				CDF143E32CF6DE60005E4516 /* Debug */,
				CDF143E42CF6DE60005E4516 /* Release */,
			);
			defaultConfigurationIsVisible = 0;
			defaultConfigurationName = Release;
		};
		CDF143E52CF6DE60005E4516 /* Build configuration list for PBXNativeTarget "IntibahTests" */ = {
			isa = XCConfigurationList;
			buildConfigurations = (
				CDF143E62CF6DE60005E4516 /* Debug */,
				CDF143E72CF6DE60005E4516 /* Release */,
			);
			defaultConfigurationIsVisible = 0;
			defaultConfigurationName = Release;
		};
		CDF143E82CF6DE60005E4516 /* Build configuration list for PBXNativeTarget "IntibahUITests" */ = {
			isa = XCConfigurationList;
			buildConfigurations = (
				CDF143E92CF6DE60005E4516 /* Debug */,
				CDF143EA2CF6DE60005E4516 /* Release */,
			);
			defaultConfigurationIsVisible = 0;
			defaultConfigurationName = Release;
		};
/* End XCConfigurationList section */
	};
	rootObject = CDF143B62CF6DE5D005E4516 /* Project object */;
}
